
Microsoft Visual Studio Solution File, Format Version 12.00
# Visual Studio Version 16
VisualStudioVersion = 16.0.30907.101
MinimumVisualStudioVersion = 10.0.40219.1
Project("{FAE04EC0-301F-11D3-BF4B-00C04F79EFBC}") = "Animals.Lib", "Animals.Lib\Animals.Lib.csproj", "{22181284-94FA-4396-8C67-6EBFE0CC7E2D}"
EndProject
Project("{FAE04EC0-301F-11D3-BF4B-00C04F79EFBC}") = "Animals.Lib2", "Animals.Lib2\Animals.Lib2.csproj", "{8BF5C550-AC8A-4E00-89D2-0274E188CB14}"
EndProject
Global
	GlobalSection(SolutionConfigurationPlatforms) = preSolution
		Debug|Any CPU = Debug|Any CPU
		Release|Any CPU = Release|Any CPU
	EndGlobalSection
	GlobalSection(ProjectConfigurationPlatforms) = postSolution
		{22181284-94FA-4396-8C67-6EBFE0CC7E2D}.Debug|Any CPU.ActiveCfg = Debug|Any CPU
		{22181284-94FA-4396-8C67-6EBFE0CC7E2D}.Debug|Any CPU.Build.0 = Debug|Any CPU
		{22181284-94FA-4396-8C67-6EBFE0CC7E2D}.Release|Any CPU.ActiveCfg = Release|Any CPU
		{22181284-94FA-4396-8C67-6EBFE0CC7E2D}.Release|Any CPU.Build.0 = Release|Any CPU
		{8BF5C550-AC8A-4E00-89D2-0274E188CB14}.Debug|Any CPU.ActiveCfg = Debug|Any CPU
		{8BF5C550-AC8A-4E00-89D2-0274E188CB14}.Debug|Any CPU.Build.0 = Debug|Any CPU
		{8BF5C550-AC8A-4E00-89D2-0274E188CB14}.Release|Any CPU.ActiveCfg = Release|Any CPU
		{8BF5C550-AC8A-4E00-89D2-0274E188CB14}.Release|Any CPU.Build.0 = Release|Any CPU
	EndGlobalSection
	GlobalSection(SolutionProperties) = preSolution
		HideSolutionNode = FALSE
	EndGlobalSection
	GlobalSection(ExtensibilityGlobals) = postSolution
		SolutionGuid = {229E79E8-6664-4F23-96E6-6EFB735A5D5B}
	EndGlobalSection
EndGlobal
